# THIS IS AN AUTOGENERATED FILE. DO NOT EDIT THIS FILE DIRECTLY.
# yarn lockfile v1


idb@6.0.0:
  version "6.0.0"
  resolved "https://registry.yarnpkg.com/idb/-/idb-6.0.0.tgz#00d6092b948138cf9bebc9dcddc4df8bf60bf0ac"
  integrity sha512-+M367poGtpzAylX4pwcrZIa7cFQLfNkAOlMMLN2kw/2jGfJP6h+TB/unQNSVYwNtP8XqkLYrfuiVnxLQNP1tjA==

typescript@^4.3.1-rc:
  version "4.3.1-rc"
  resolved "https://registry.yarnpkg.com/typescript/-/typescript-4.3.1-rc.tgz#925149c8d8514e20a6bd8d4bd7f42adac67ab59c"
  integrity sha512-L3uJ0gcntaRaKni9aV2amYB+pCDVodKe/B5+IREyvtKGsDOF7cYjchHb/B894skqkgD52ykRuWatIZMqEsHIqA==
